
Microsoft Visual Studio Solution File, Format Version 12.00
# Visual Studio 15
VisualStudioVersion = 15.0.27130.2010
MinimumVisualStudioVersion = 10.0.40219.1
Project("{FAE04EC0-301F-11D3-BF4B-00C04F79EFBC}") = "ExcelReaderCoreWeb", "ExcelReaderCoreWeb\ExcelReaderCoreWeb.csproj", "{7A9A05F2-2483-4504-8615-8001D768B556}"
EndProject
Global
	GlobalSection(SolutionConfigurationPlatforms) = preSolution
		Debug|Any CPU = Debug|Any CPU
		Release|Any CPU = Release|Any CPU
	EndGlobalSection
	GlobalSection(ProjectConfigurationPlatforms) = postSolution
		{7A9A05F2-2483-4504-8615-8001D768B556}.Debug|Any CPU.ActiveCfg = Debug|Any CPU
		{7A9A05F2-2483-4504-8615-8001D768B556}.Debug|Any CPU.Build.0 = Debug|Any CPU
		{7A9A05F2-2483-4504-8615-8001D768B556}.Release|Any CPU.ActiveCfg = Release|Any CPU
		{7A9A05F2-2483-4504-8615-8001D768B556}.Release|Any CPU.Build.0 = Release|Any CPU
	EndGlobalSection
	GlobalSection(SolutionProperties) = preSolution
		HideSolutionNode = FALSE
	EndGlobalSection
	GlobalSection(ExtensibilityGlobals) = postSolution
		SolutionGuid = {6966A951-8072-49E5-8389-0477C2B5D9E7}
	EndGlobalSection
EndGlobal
